# This file is generated by running "yarn install" inside your project.
# Manual changes might be lost - proceed with caution!

__metadata:
  version: 4
  cacheKey: 7

"@yarnpkg/esbuild-plugin-pnp@npm:^1.0.0-rc.12":
  version: 1.0.0-rc.12
  resolution: "@yarnpkg/esbuild-plugin-pnp@npm:1.0.0-rc.12"
  dependencies:
    tslib: ^1.13.0
  peerDependencies:
    esbuild: ">=0.8.36"
  bin:
    esbuild-plugin-pnp: ./lib/cli.js
  checksum: 5d371a693625b674ea2fb707ebde6fa2dec94da3c351ce09d1b115a07087589213ea3bf1ed25ca612f6692932152646db4097258dcaa9e8fad133effab5fc583
  languageName: node
  linkType: hard

"esbuild@npm:^0.12.15":
  version: 0.12.15
  resolution: "esbuild@npm:0.12.15"
  bin:
    esbuild: bin/esbuild
  checksum: 22ec14d41c8a9256934b476575f3dbb47437c3c9953c4e4e00560454449075822c0824fa982a51cb545c255c561a781908da9711081d57b4f3bca15341569906
  languageName: node
  linkType: hard

"foo@workspace:.":
  version: 0.0.0-use.local
  resolution: "foo@workspace:."
  dependencies:
    "@yarnpkg/esbuild-plugin-pnp": ^1.0.0-rc.12
    esbuild: ^0.12.15
  languageName: unknown
  linkType: soft

"tslib@npm:^1.13.0":
  version: 1.14.1
  resolution: "tslib@npm:1.14.1"
  checksum: f44fe7f216946b17d3e3074df3746372703cf24e9127b4c045511456e8e4bf25515fb0a1bb3937676cc305651c5d4fcb6377b0588a4c6a957e748c4c28905d17
  languageName: node
  linkType: hard
